
Microsoft Visual Studio Solution File, Format Version 12.00
# Visual Studio Version 17
VisualStudioVersion = 17.6.33829.357
MinimumVisualStudioVersion = 10.0.40219.1
Project("{FAE04EC0-301F-11D3-BF4B-00C04F79EFBC}") = "4 Bantlı Direnç Hesaplama", "4 Bantlı Direnç Hesaplama\4 Bantlı Direnç Hesaplama.csproj", "{D3F4B3BF-636D-4516-83DB-50E07F86DEF3}"
EndProject
Project("{FAE04EC0-301F-11D3-BF4B-00C04F79EFBC}") = "5 Bantlı Direnç Hesaplama", "5 Bantlı Direnç Hesaplama\5 Bantlı Direnç Hesaplama.csproj", "{DCA65267-EB4B-4247-9170-3562806B2C9B}"
EndProject
Global
	GlobalSection(SolutionConfigurationPlatforms) = preSolution
		Debug|Any CPU = Debug|Any CPU
		Release|Any CPU = Release|Any CPU
	EndGlobalSection
	GlobalSection(ProjectConfigurationPlatforms) = postSolution
		{D3F4B3BF-636D-4516-83DB-50E07F86DEF3}.Debug|Any CPU.ActiveCfg = Debug|Any CPU
		{D3F4B3BF-636D-4516-83DB-50E07F86DEF3}.Debug|Any CPU.Build.0 = Debug|Any CPU
		{D3F4B3BF-636D-4516-83DB-50E07F86DEF3}.Release|Any CPU.ActiveCfg = Release|Any CPU
		{D3F4B3BF-636D-4516-83DB-50E07F86DEF3}.Release|Any CPU.Build.0 = Release|Any CPU
		{DCA65267-EB4B-4247-9170-3562806B2C9B}.Debug|Any CPU.ActiveCfg = Debug|Any CPU
		{DCA65267-EB4B-4247-9170-3562806B2C9B}.Debug|Any CPU.Build.0 = Debug|Any CPU
		{DCA65267-EB4B-4247-9170-3562806B2C9B}.Release|Any CPU.ActiveCfg = Release|Any CPU
		{DCA65267-EB4B-4247-9170-3562806B2C9B}.Release|Any CPU.Build.0 = Release|Any CPU
	EndGlobalSection
	GlobalSection(SolutionProperties) = preSolution
		HideSolutionNode = FALSE
	EndGlobalSection
	GlobalSection(ExtensibilityGlobals) = postSolution
		SolutionGuid = {5D991A6F-36A6-42B1-9AC9-6CEF75643035}
	EndGlobalSection
EndGlobal
